# @generated - this file is auto-generated by `mise lock` https://mise.jdx.dev/dev-tools/mise-lock.html

[[tools."github:anthropics/claude-code"]]
version = "2.1.288"
backend = "github:anthropics/claude-code"

[tools."github:anthropics/claude-code"."platforms.linux-arm64"]
checksum = "sha256:4d27054191394530666025db88114ea38c31cc5f5564766beb909b079a9652c4"
url = "https://github.com/anthropics/claude-code/releases/download/v2.1.288/claude-linux-arm64.tar.gz"
url_api = "https://api.github.com/repos/anthropics/claude-code/releases/assets/606215763"
provenance = "github-attestations"

[tools."github:anthropics/claude-code"."platforms.linux-arm64-musl"]
checksum = "sha256:31df6461c2f8f9684aeb0e6cd3c4d0411aad21683827e1abd9ad93ec69ed4186"
url = "https://github.com/anthropics/claude-code/releases/download/v2.1.288/claude-linux-arm64-musl.tar.gz"
url_api = "https://api.github.com/repos/anthropics/claude-code/releases/assets/606215761"
provenance = "github-attestations"

[tools."github:anthropics/claude-code"."platforms.linux-x64"]
checksum = "sha256:5f3e0d5bfc21123a880ba6ffbd10f1b819c5e56204473591be1c1f65847c9368"
url = "https://github.com/anthropics/claude-code/releases/download/v2.1.288/claude-linux-x64.tar.gz"
url_api = "https://api.github.com/repos/anthropics/claude-code/releases/assets/606216002"
provenance = "github-attestations"

[tools."github:anthropics/claude-code"."platforms.linux-x64-musl"]
checksum = "sha256:889979239be18d47047d88f4fcbf3d8a6fead28190512c42c31a34b23e4800fb"
url = "https://github.com/anthropics/claude-code/releases/download/v2.1.288/claude-linux-x64-musl.tar.gz"
url_api = "https://api.github.com/repos/anthropics/claude-code/releases/assets/606215766"
provenance = "github-attestations"

[tools."github:anthropics/claude-code"."platforms.macos-arm64"]
checksum = "sha256:86616c1bdb2d3581343b41bf1674b936991d74d14b6d5cf205194cd7d2e104fe"
url = "https://github.com/anthropics/claude-code/releases/download/v2.1.288/claude-darwin-arm64.tar.gz"
url_api = "https://api.github.com/repos/anthropics/claude-code/releases/assets/606215765"
provenance = "github-attestations"

[tools."github:anthropics/claude-code"."platforms.macos-x64"]
checksum = "sha256:d5181f0842894b6a495e97bc4f0215556ee224b9a8a27b6e7fc3c340dea9e08e"
url = "https://github.com/anthropics/claude-code/releases/download/v2.1.288/claude-darwin-x64.tar.gz"
url_api = "https://api.github.com/repos/anthropics/claude-code/releases/assets/606215764"
provenance = "github-attestations"

[tools."github:anthropics/claude-code"."platforms.windows-x64"]
checksum = "sha256:07bd7fa6b7f36a9f113ec9d2d81ec591e7ae8aac3506220894314305116e5ad3"
url = "https://github.com/anthropics/claude-code/releases/download/v2.1.288/claude-win32-x64.zip"
url_api = "https://api.github.com/repos/anthropics/claude-code/releases/assets/606216025"
provenance = "github-attestations"

[[tools."github:bitwise-media-group/evolve"]]
version = "0.8.1"
backend = "github:bitwise-media-group/evolve"

[tools."github:bitwise-media-group/evolve"."platforms.linux-arm64"]
checksum = "sha256:6efbf255fb54c423de8123666443c87f300c03c9a978ca87485ac9099c7673d3"
url = "https://github.com/bitwise-media-group/evolve/releases/download/v0.8.1/evolve_0.8.1_linux_arm64.tar.gz"
url_api = "https://api.github.com/repos/bitwise-media-group/evolve/releases/assets/530604167"
provenance = "github-attestations"

[tools."github:bitwise-media-group/evolve"."platforms.linux-arm64-musl"]
checksum = "sha256:6efbf255fb54c423de8123666443c87f300c03c9a978ca87485ac9099c7673d3"
url = "https://github.com/bitwise-media-group/evolve/releases/download/v0.8.1/evolve_0.8.1_linux_arm64.tar.gz"
url_api = "https://api.github.com/repos/bitwise-media-group/evolve/releases/assets/530604167"
provenance = "github-attestations"

[tools."github:bitwise-media-group/evolve"."platforms.linux-x64"]
checksum = "sha256:bc5a9420e49b388763e1fa76425dd68563106eab7bbb5f48261e16b7dec34cce"
url = "https://github.com/bitwise-media-group/evolve/releases/download/v0.8.1/evolve_0.8.1_linux_amd64.tar.gz"
url_api = "https://api.github.com/repos/bitwise-media-group/evolve/releases/assets/530604166"
provenance = "github-attestations"
provenance_verified = true

[tools."github:bitwise-media-group/evolve"."platforms.linux-x64-musl"]
checksum = "sha256:bc5a9420e49b388763e1fa76425dd68563106eab7bbb5f48261e16b7dec34cce"
url = "https://github.com/bitwise-media-group/evolve/releases/download/v0.8.1/evolve_0.8.1_linux_amd64.tar.gz"
url_api = "https://api.github.com/repos/bitwise-media-group/evolve/releases/assets/530604166"
provenance = "github-attestations"

[tools."github:bitwise-media-group/evolve"."platforms.macos-arm64"]
checksum = "sha256:8bb819c52fd98c03129be2caa31876ca9067c4584679815b8a127560c1498cd2"
url = "https://github.com/bitwise-media-group/evolve/releases/download/v0.8.1/evolve_0.8.1_darwin_arm64.tar.gz"
url_api = "https://api.github.com/repos/bitwise-media-group/evolve/releases/assets/530604156"
provenance = "github-attestations"

[tools."github:bitwise-media-group/evolve"."platforms.macos-x64"]
checksum = "sha256:9a36444f77ac04e2f1d2e0d13d2d382772bc4be64479e7cda83254042ba8c67b"
url = "https://github.com/bitwise-media-group/evolve/releases/download/v0.8.1/evolve_0.8.1_darwin_amd64.tar.gz"
url_api = "https://api.github.com/repos/bitwise-media-group/evolve/releases/assets/530604164"
provenance = "github-attestations"

[tools."github:bitwise-media-group/evolve"."platforms.windows-x64"]
checksum = "sha256:c3000f4eb3e107e8ddd281b2238f10b0417cb4fd0fe3c10660462e8118206c8d"
url = "https://github.com/bitwise-media-group/evolve/releases/download/v0.8.1/evolve_0.8.1_windows_amd64.zip"
url_api = "https://api.github.com/repos/bitwise-media-group/evolve/releases/assets/530604170"
provenance = "github-attestations"
